<?xml version="1.0" encoding="utf-8"?>
<Project ToolsVersion="4.0" xmlns="http://schemas.microsoft.com/developer/msbuild/2003">
  <ItemGroup>
    <Filter Include="Source Files">
      <UniqueIdentifier>{4FC737F1-C7A5-4376-A066-2A32D752A2FF}</UniqueIdentifier>
      <Extensions>cpp;c;cc;cxx;def;odl;idl;hpj;bat;asm;asmx</Extensions>
    </Filter>
    <Filter Include="Header Files">
      <UniqueIdentifier>{93995380-89BD-4b04-88EB-625FBE52EBFB}</UniqueIdentifier>
      <Extensions>h;hh;hpp;hxx;hm;inl;inc;xsd</Extensions>
    </Filter>
    <Filter Include="Source Files\rendering">
      <UniqueIdentifier>{9ae4adbf-a7d7-4759-9087-3619d143f24e}</UniqueIdentifier>
    </Filter>
    <Filter Include="Header Files\rendering">
      <UniqueIdentifier>{8da3c21d-52fe-45ad-921d-d529fd534080}</UniqueIdentifier>
    </Filter>
    <Filter Include="shaders">
      <UniqueIdentifier>{17ce82f0-0425-44d4-9bed-9cc4186650e2}</UniqueIdentifier>
    </Filter>
    <Filter Include="Header Files\foam">
      <UniqueIdentifier>{a4ba35b4-ce25-4384-9167-1e6f3593e2cc}</UniqueIdentifier>
    </Filter>
    <Filter Include="Header Files\water">
      <UniqueIdentifier>{381dbecf-1c77-49d2-b571-896309c6caaa}</UniqueIdentifier>
    </Filter>
    <Filter Include="Source Files\physics">
      <UniqueIdentifier>{a5ad0b92-87b0-4995-bf77-a727e528b232}</UniqueIdentifier>
    </Filter>
    <Filter Include="shaders\water">
      <UniqueIdentifier>{35e0aedf-75f8-43ab-adc2-aeeb5eae332a}</UniqueIdentifier>
    </Filter>
    <Filter Include="shaders\water\depth">
      <UniqueIdentifier>{1d2cf512-0130-4849-9b03-84553bfc586e}</UniqueIdentifier>
    </Filter>
    <Filter Include="shaders\water\blur">
      <UniqueIdentifier>{ff5c310d-81c3-4859-a835-e32b6716c456}</UniqueIdentifier>
    </Filter>
    <Filter Include="shaders\water\composite">
      <UniqueIdentifier>{2f71a3b6-01a4-4008-9a78-86fef7081d5a}</UniqueIdentifier>
    </Filter>
    <Filter Include="shaders\water\thickness">
      <UniqueIdentifier>{45060a6c-f3fd-43e5-bf02-1611640ccb4f}</UniqueIdentifier>
    </Filter>
    <Filter Include="shaders\foam">
      <UniqueIdentifier>{258e541e-20a1-4ece-96d0-c08d02dbf07e}</UniqueIdentifier>
    </Filter>
    <Filter Include="shaders\foam\thickness">
      <UniqueIdentifier>{17c76408-13d9-4570-bd97-bba79159a1f6}</UniqueIdentifier>
    </Filter>
    <Filter Include="shaders\foam\depth">
      <UniqueIdentifier>{d87a845e-2b17-452d-b603-1951da679968}</UniqueIdentifier>
    </Filter>
  </ItemGroup>
  <ItemGroup>
    <ClCompile Include="main.cpp">
      <Filter>Source Files</Filter>
    </ClCompile>
    <ClCompile Include="CellGrid.cpp">
      <Filter>Source Files\physics</Filter>
    </ClCompile>
    <ClCompile Include="ParticleSystem.cpp">
      <Filter>Source Files\physics</Filter>
    </ClCompile>
    <ClCompile Include="Renderer.cpp">
      <Filter>Source Files\rendering</Filter>
    </ClCompile>
  </ItemGroup>
  <ItemGroup>
    <ClInclude Include="common.h">
      <Filter>Header Files</Filter>
    </ClInclude>
    <ClInclude Include="CellGrid.h">
      <Filter>Header Files\water</Filter>
    </ClInclude>
    <ClInclude Include="ParticleSystem.h">
      <Filter>Header Files\water</Filter>
    </ClInclude>
    <ClInclude Include="Renderer.h">
      <Filter>Header Files\rendering</Filter>
    </ClInclude>
    <ClInclude Include="Particle.hpp">
      <Filter>Header Files\water</Filter>
    </ClInclude>
    <ClInclude Include="Cell.hpp">
      <Filter>Header Files\water</Filter>
    </ClInclude>
    <ClInclude Include="Shader.hpp">
      <Filter>Header Files\rendering</Filter>
    </ClInclude>
    <ClInclude Include="Camera.hpp">
      <Filter>Source Files\rendering</Filter>
    </ClInclude>
    <ClInclude Include="FoamParticle.hpp">
      <Filter>Header Files\foam</Filter>
    </ClInclude>
  </ItemGroup>
  <ItemGroup>
    <None Include="depth.vert">
      <Filter>shaders\water\depth</Filter>
    </None>
    <None Include="depth.frag">
      <Filter>shaders\water\depth</Filter>
    </None>
    <None Include="blur.vert">
      <Filter>shaders\water\blur</Filter>
    </None>
    <None Include="blur.frag">
      <Filter>shaders\water\blur</Filter>
    </None>
    <None Include="thickness.frag">
      <Filter>shaders\water\thickness</Filter>
    </None>
    <None Include="composite.vert">
      <Filter>shaders\water\composite</Filter>
    </None>
    <None Include="composite.frag">
      <Filter>shaders\water\composite</Filter>
    </None>
    <None Include="foam.vert">
      <Filter>shaders\foam</Filter>
    </None>
    <None Include="foam.frag">
      <Filter>shaders\foam</Filter>
    </None>
    <None Include="final.frag">
      <Filter>shaders</Filter>
    </None>
    <None Include="final.vert">
      <Filter>shaders</Filter>
    </None>
    <None Include="foamThickness.frag">
      <Filter>shaders\foam\thickness</Filter>
    </None>
    <None Include="foamThickness.vert">
      <Filter>shaders\foam\thickness</Filter>
    </None>
    <None Include="foamDepth.vert">
      <Filter>shaders\foam\depth</Filter>
    </None>
    <None Include="foamDepth.frag">
      <Filter>shaders\foam\depth</Filter>
    </None>
  </ItemGroup>
</Project>